
Microsoft Visual Studio Solution File, Format Version 12.00
# Visual Studio Version 16
VisualStudioVersion = 16.0.30114.105
MinimumVisualStudioVersion = 10.0.40219.1
Project("{9A19103F-16F7-4668-BE54-9A1E7A4F7556}") = "TokenGrabber", "TokenGrabber\TokenGrabber.csproj", "{FDC0ED79-7899-4BA5-946E-DBE8303222EB}"
EndProject
Project("{54435603-DBB4-11D2-8724-00A0C9A8B90C}") = "DiscordTokenGrabber", "DiscordTokenGrabber\DiscordTokenGrabber.vdproj", "{24E0F1B8-EFFE-417D-AF5F-B08750A17588}"
EndProject
Global
	GlobalSection(SolutionConfigurationPlatforms) = preSolution
		Debug|Any CPU = Debug|Any CPU
		Release|Any CPU = Release|Any CPU
	EndGlobalSection
	GlobalSection(ProjectConfigurationPlatforms) = postSolution
		{FDC0ED79-7899-4BA5-946E-DBE8303222EB}.Debug|Any CPU.ActiveCfg = Debug|Any CPU
		{FDC0ED79-7899-4BA5-946E-DBE8303222EB}.Debug|Any CPU.Build.0 = Debug|Any CPU
		{FDC0ED79-7899-4BA5-946E-DBE8303222EB}.Release|Any CPU.ActiveCfg = Release|Any CPU
		{FDC0ED79-7899-4BA5-946E-DBE8303222EB}.Release|Any CPU.Build.0 = Release|Any CPU
		{24E0F1B8-EFFE-417D-AF5F-B08750A17588}.Debug|Any CPU.ActiveCfg = Debug
		{24E0F1B8-EFFE-417D-AF5F-B08750A17588}.Release|Any CPU.ActiveCfg = Release
	EndGlobalSection
	GlobalSection(SolutionProperties) = preSolution
		HideSolutionNode = FALSE
	EndGlobalSection
	GlobalSection(ExtensibilityGlobals) = postSolution
		SolutionGuid = {C834E25D-598A-40DF-B864-DEC73DA2EC88}
	EndGlobalSection
EndGlobal
